
Microsoft Visual Studio Solution File, Format Version 12.00
# Visual Studio Version 17
VisualStudioVersion = 17.13.35919.96 d17.13
MinimumVisualStudioVersion = 10.0.40219.1
Project("{FAE04EC0-301F-11D3-BF4B-00C04F79EFBC}") = "lap2 ef", "lap2 ef\lap2 ef.csproj", "{D985DFDC-B22E-47E9-A592-3BEB7CA6778B}"
EndProject
Global
	GlobalSection(SolutionConfigurationPlatforms) = preSolution
		Debug|Any CPU = Debug|Any CPU
		Release|Any CPU = Release|Any CPU
	EndGlobalSection
	GlobalSection(ProjectConfigurationPlatforms) = postSolution
		{D985DFDC-B22E-47E9-A592-3BEB7CA6778B}.Debug|Any CPU.ActiveCfg = Debug|Any CPU
		{D985DFDC-B22E-47E9-A592-3BEB7CA6778B}.Debug|Any CPU.Build.0 = Debug|Any CPU
		{D985DFDC-B22E-47E9-A592-3BEB7CA6778B}.Release|Any CPU.ActiveCfg = Release|Any CPU
		{D985DFDC-B22E-47E9-A592-3BEB7CA6778B}.Release|Any CPU.Build.0 = Release|Any CPU
	EndGlobalSection
	GlobalSection(SolutionProperties) = preSolution
		HideSolutionNode = FALSE
	EndGlobalSection
	GlobalSection(ExtensibilityGlobals) = postSolution
		SolutionGuid = {1A4DEAC9-90CA-4392-BA91-3B9143404328}
	EndGlobalSection
EndGlobal
